
Microsoft Visual Studio Solution File, Format Version 12.00
# Visual Studio Version 17
VisualStudioVersion = 17.2.32616.157
MinimumVisualStudioVersion = 10.0.40219.1
Project("{FAE04EC0-301F-11D3-BF4B-00C04F79EFBC}") = "WebApplication3", "WebApplication3\WebApplication3.csproj", "{12B8CEAA-90CA-44F0-820D-2C3B1D0D8017}"
EndProject
Global
	GlobalSection(SolutionConfigurationPlatforms) = preSolution
		Debug|Any CPU = Debug|Any CPU
		Release|Any CPU = Release|Any CPU
	EndGlobalSection
	GlobalSection(ProjectConfigurationPlatforms) = postSolution
		{12B8CEAA-90CA-44F0-820D-2C3B1D0D8017}.Debug|Any CPU.ActiveCfg = Debug|Any CPU
		{12B8CEAA-90CA-44F0-820D-2C3B1D0D8017}.Debug|Any CPU.Build.0 = Debug|Any CPU
		{12B8CEAA-90CA-44F0-820D-2C3B1D0D8017}.Release|Any CPU.ActiveCfg = Release|Any CPU
		{12B8CEAA-90CA-44F0-820D-2C3B1D0D8017}.Release|Any CPU.Build.0 = Release|Any CPU
	EndGlobalSection
	GlobalSection(SolutionProperties) = preSolution
		HideSolutionNode = FALSE
	EndGlobalSection
	GlobalSection(ExtensibilityGlobals) = postSolution
		SolutionGuid = {B488B2E1-2FE7-417A-808B-EE638902E635}
	EndGlobalSection
EndGlobal
